
Microsoft Visual Studio Solution File, Format Version 12.00
# Visual Studio 15
VisualStudioVersion = 15.0.27130.2010
MinimumVisualStudioVersion = 10.0.40219.1
Project("{FAE04EC0-301F-11D3-BF4B-00C04F79EFBC}") = "Interface", "Karpin2\Interface.csproj", "{92C597F8-0753-44D1-86FE-9C416E8446AF}"
EndProject
Project("{FAE04EC0-301F-11D3-BF4B-00C04F79EFBC}") = "LibraryLib", "LibraryLib\LibraryLib.csproj", "{A9A22B5F-8486-4349-BB8B-A40BA61AE86A}"
EndProject
Global
	GlobalSection(SolutionConfigurationPlatforms) = preSolution
		Debug|Any CPU = Debug|Any CPU
		Release|Any CPU = Release|Any CPU
	EndGlobalSection
	GlobalSection(ProjectConfigurationPlatforms) = postSolution
		{92C597F8-0753-44D1-86FE-9C416E8446AF}.Debug|Any CPU.ActiveCfg = Debug|Any CPU
		{92C597F8-0753-44D1-86FE-9C416E8446AF}.Debug|Any CPU.Build.0 = Debug|Any CPU
		{92C597F8-0753-44D1-86FE-9C416E8446AF}.Release|Any CPU.ActiveCfg = Release|Any CPU
		{92C597F8-0753-44D1-86FE-9C416E8446AF}.Release|Any CPU.Build.0 = Release|Any CPU
		{A9A22B5F-8486-4349-BB8B-A40BA61AE86A}.Debug|Any CPU.ActiveCfg = Debug|Any CPU
		{A9A22B5F-8486-4349-BB8B-A40BA61AE86A}.Debug|Any CPU.Build.0 = Debug|Any CPU
		{A9A22B5F-8486-4349-BB8B-A40BA61AE86A}.Release|Any CPU.ActiveCfg = Release|Any CPU
		{A9A22B5F-8486-4349-BB8B-A40BA61AE86A}.Release|Any CPU.Build.0 = Release|Any CPU
	EndGlobalSection
	GlobalSection(SolutionProperties) = preSolution
		HideSolutionNode = FALSE
	EndGlobalSection
	GlobalSection(ExtensibilityGlobals) = postSolution
		SolutionGuid = {0D84F415-7481-4E13-B83B-8231C07F49F9}
	EndGlobalSection
EndGlobal
